
Microsoft Visual Studio Solution File, Format Version 12.00
# Visual Studio Version 17
VisualStudioVersion = 17.12.35728.132
MinimumVisualStudioVersion = 10.0.40219.1
Project("{FAE04EC0-301F-11D3-BF4B-00C04F79EFBC}") = "PAP.API", "PAP.API\PAP.API.csproj", "{0986888A-8EEB-4E9D-8C6B-8CEB5EB7750C}"
EndProject
Project("{FAE04EC0-301F-11D3-BF4B-00C04F79EFBC}") = "PAP.Architecture", "PAP.Architecture\PAP.Architecture.csproj", "{A074EE4E-C1A1-479C-BA89-7B7D3997DC59}"
EndProject
Project("{FAE04EC0-301F-11D3-BF4B-00C04F79EFBC}") = "PAP.Business", "PAP.Business\PAP.Business.csproj", "{4FBB78D3-0E3A-403A-9647-ECBF7E8D1028}"
EndProject
Project("{FAE04EC0-301F-11D3-BF4B-00C04F79EFBC}") = "PAP.Data", "PAP.Data\PAP.Data.csproj", "{63DC4CC0-A6D7-416F-BA78-7F4ADDB7E344}"
EndProject
Project("{FAE04EC0-301F-11D3-BF4B-00C04F79EFBC}") = "PAP.Models", "PAP.Models\PAP.Models.csproj", "{46A0B1CB-5CE6-49D2-B315-AF24A446CE28}"
EndProject
Project("{FAE04EC0-301F-11D3-BF4B-00C04F79EFBC}") = "PAP.Repositories", "PAP.Repositories\PAP.Repositories.csproj", "{932AAC36-7F08-4235-B0A3-5860CAD78079}"
EndProject
Project("{FAE04EC0-301F-11D3-BF4B-00C04F79EFBC}") = "PAP.Services", "PAP.Services\PAP.Services.csproj", "{C4D15B81-0AF4-47DF-942D-EB131B4C0CA1}"
EndProject
Project("{FAE04EC0-301F-11D3-BF4B-00C04F79EFBC}") = "PAP.Mvc", "PAP.Mvc\PAP.Mvc.csproj", "{0ED6639C-D4D7-4801-93D8-345529AFED6C}"
EndProject
Global
	GlobalSection(SolutionConfigurationPlatforms) = preSolution
		Debug|Any CPU = Debug|Any CPU
		Release|Any CPU = Release|Any CPU
	EndGlobalSection
	GlobalSection(ProjectConfigurationPlatforms) = postSolution
		{0986888A-8EEB-4E9D-8C6B-8CEB5EB7750C}.Debug|Any CPU.ActiveCfg = Debug|Any CPU
		{0986888A-8EEB-4E9D-8C6B-8CEB5EB7750C}.Debug|Any CPU.Build.0 = Debug|Any CPU
		{0986888A-8EEB-4E9D-8C6B-8CEB5EB7750C}.Release|Any CPU.ActiveCfg = Release|Any CPU
		{0986888A-8EEB-4E9D-8C6B-8CEB5EB7750C}.Release|Any CPU.Build.0 = Release|Any CPU
		{A074EE4E-C1A1-479C-BA89-7B7D3997DC59}.Debug|Any CPU.ActiveCfg = Debug|Any CPU
		{A074EE4E-C1A1-479C-BA89-7B7D3997DC59}.Debug|Any CPU.Build.0 = Debug|Any CPU
		{A074EE4E-C1A1-479C-BA89-7B7D3997DC59}.Release|Any CPU.ActiveCfg = Release|Any CPU
		{A074EE4E-C1A1-479C-BA89-7B7D3997DC59}.Release|Any CPU.Build.0 = Release|Any CPU
		{4FBB78D3-0E3A-403A-9647-ECBF7E8D1028}.Debug|Any CPU.ActiveCfg = Debug|Any CPU
		{4FBB78D3-0E3A-403A-9647-ECBF7E8D1028}.Debug|Any CPU.Build.0 = Debug|Any CPU
		{4FBB78D3-0E3A-403A-9647-ECBF7E8D1028}.Release|Any CPU.ActiveCfg = Release|Any CPU
		{4FBB78D3-0E3A-403A-9647-ECBF7E8D1028}.Release|Any CPU.Build.0 = Release|Any CPU
		{63DC4CC0-A6D7-416F-BA78-7F4ADDB7E344}.Debug|Any CPU.ActiveCfg = Debug|Any CPU
		{63DC4CC0-A6D7-416F-BA78-7F4ADDB7E344}.Debug|Any CPU.Build.0 = Debug|Any CPU
		{63DC4CC0-A6D7-416F-BA78-7F4ADDB7E344}.Release|Any CPU.ActiveCfg = Release|Any CPU
		{63DC4CC0-A6D7-416F-BA78-7F4ADDB7E344}.Release|Any CPU.Build.0 = Release|Any CPU
		{46A0B1CB-5CE6-49D2-B315-AF24A446CE28}.Debug|Any CPU.ActiveCfg = Debug|Any CPU
		{46A0B1CB-5CE6-49D2-B315-AF24A446CE28}.Debug|Any CPU.Build.0 = Debug|Any CPU
		{46A0B1CB-5CE6-49D2-B315-AF24A446CE28}.Release|Any CPU.ActiveCfg = Release|Any CPU
		{46A0B1CB-5CE6-49D2-B315-AF24A446CE28}.Release|Any CPU.Build.0 = Release|Any CPU
		{932AAC36-7F08-4235-B0A3-5860CAD78079}.Debug|Any CPU.ActiveCfg = Debug|Any CPU
		{932AAC36-7F08-4235-B0A3-5860CAD78079}.Debug|Any CPU.Build.0 = Debug|Any CPU
		{932AAC36-7F08-4235-B0A3-5860CAD78079}.Release|Any CPU.ActiveCfg = Release|Any CPU
		{932AAC36-7F08-4235-B0A3-5860CAD78079}.Release|Any CPU.Build.0 = Release|Any CPU
		{C4D15B81-0AF4-47DF-942D-EB131B4C0CA1}.Debug|Any CPU.ActiveCfg = Debug|Any CPU
		{C4D15B81-0AF4-47DF-942D-EB131B4C0CA1}.Debug|Any CPU.Build.0 = Debug|Any CPU
		{C4D15B81-0AF4-47DF-942D-EB131B4C0CA1}.Release|Any CPU.ActiveCfg = Release|Any CPU
		{C4D15B81-0AF4-47DF-942D-EB131B4C0CA1}.Release|Any CPU.Build.0 = Release|Any CPU
		{0ED6639C-D4D7-4801-93D8-345529AFED6C}.Debug|Any CPU.ActiveCfg = Debug|Any CPU
		{0ED6639C-D4D7-4801-93D8-345529AFED6C}.Debug|Any CPU.Build.0 = Debug|Any CPU
		{0ED6639C-D4D7-4801-93D8-345529AFED6C}.Release|Any CPU.ActiveCfg = Release|Any CPU
		{0ED6639C-D4D7-4801-93D8-345529AFED6C}.Release|Any CPU.Build.0 = Release|Any CPU
	EndGlobalSection
	GlobalSection(SolutionProperties) = preSolution
		HideSolutionNode = FALSE
	EndGlobalSection
EndGlobal
